
Microsoft Visual Studio Solution File, Format Version 12.00
# Visual Studio Version 16
VisualStudioVersion = 16.0.29411.108
MinimumVisualStudioVersion = 10.0.40219.1
Project("{FAE04EC0-301F-11D3-BF4B-00C04F79EFBC}") = "SwapShuffle.UWP", "SwapShuffle\SwapShuffle.UWP\SwapShuffle.UWP.csproj", "{9F4B0AB5-F127-4BEC-A85F-768095F0D351}"
EndProject
Project("{FAE04EC0-301F-11D3-BF4B-00C04F79EFBC}") = "SwapShuffle.Android", "SwapShuffle\SwapShuffle.Android\SwapShuffle.Android.csproj", "{C4DF971B-AE2D-44BF-9925-14981ECC7F82}"
EndProject
Project("{FAE04EC0-301F-11D3-BF4B-00C04F79EFBC}") = "SwapShuffle.iOS", "SwapShuffle\SwapShuffle.iOS\SwapShuffle.iOS.csproj", "{1499CECB-FEAE-42E3-AF53-CF0AD9E32176}"
EndProject
Project("{FAE04EC0-301F-11D3-BF4B-00C04F79EFBC}") = "SwapShuffle", "SwapShuffle\SwapShuffle\SwapShuffle.csproj", "{0BF0122C-60C5-409B-9B37-BF2181BFD367}"
EndProject
Global
	GlobalSection(SolutionConfigurationPlatforms) = preSolution
		Debug|Any CPU = Debug|Any CPU
		Debug|ARM = Debug|ARM
		Debug|iPhone = Debug|iPhone
		Debug|iPhoneSimulator = Debug|iPhoneSimulator
		Debug|x64 = Debug|x64
		Debug|x86 = Debug|x86
		Release|Any CPU = Release|Any CPU
		Release|ARM = Release|ARM
		Release|iPhone = Release|iPhone
		Release|iPhoneSimulator = Release|iPhoneSimulator
		Release|x64 = Release|x64
		Release|x86 = Release|x86
	EndGlobalSection
	GlobalSection(ProjectConfigurationPlatforms) = postSolution
		{9F4B0AB5-F127-4BEC-A85F-768095F0D351}.Debug|Any CPU.ActiveCfg = Debug|x86
		{9F4B0AB5-F127-4BEC-A85F-768095F0D351}.Debug|Any CPU.Build.0 = Debug|x86
		{9F4B0AB5-F127-4BEC-A85F-768095F0D351}.Debug|Any CPU.Deploy.0 = Debug|x86
		{9F4B0AB5-F127-4BEC-A85F-768095F0D351}.Debug|ARM.ActiveCfg = Debug|ARM
		{9F4B0AB5-F127-4BEC-A85F-768095F0D351}.Debug|ARM.Build.0 = Debug|ARM
		{9F4B0AB5-F127-4BEC-A85F-768095F0D351}.Debug|ARM.Deploy.0 = Debug|ARM
		{9F4B0AB5-F127-4BEC-A85F-768095F0D351}.Debug|iPhone.ActiveCfg = Debug|x86
		{9F4B0AB5-F127-4BEC-A85F-768095F0D351}.Debug|iPhone.Build.0 = Debug|x86
		{9F4B0AB5-F127-4BEC-A85F-768095F0D351}.Debug|iPhone.Deploy.0 = Debug|x86
		{9F4B0AB5-F127-4BEC-A85F-768095F0D351}.Debug|iPhoneSimulator.ActiveCfg = Debug|x86
		{9F4B0AB5-F127-4BEC-A85F-768095F0D351}.Debug|iPhoneSimulator.Build.0 = Debug|x86
		{9F4B0AB5-F127-4BEC-A85F-768095F0D351}.Debug|iPhoneSimulator.Deploy.0 = Debug|x86
		{9F4B0AB5-F127-4BEC-A85F-768095F0D351}.Debug|x64.ActiveCfg = Debug|x64
		{9F4B0AB5-F127-4BEC-A85F-768095F0D351}.Debug|x64.Build.0 = Debug|x64
		{9F4B0AB5-F127-4BEC-A85F-768095F0D351}.Debug|x64.Deploy.0 = Debug|x64
		{9F4B0AB5-F127-4BEC-A85F-768095F0D351}.Debug|x86.ActiveCfg = Debug|x86
		{9F4B0AB5-F127-4BEC-A85F-768095F0D351}.Debug|x86.Build.0 = Debug|x86
		{9F4B0AB5-F127-4BEC-A85F-768095F0D351}.Debug|x86.Deploy.0 = Debug|x86
		{9F4B0AB5-F127-4BEC-A85F-768095F0D351}.Release|Any CPU.ActiveCfg = Release|x86
		{9F4B0AB5-F127-4BEC-A85F-768095F0D351}.Release|Any CPU.Build.0 = Release|x86
		{9F4B0AB5-F127-4BEC-A85F-768095F0D351}.Release|Any CPU.Deploy.0 = Release|x86
		{9F4B0AB5-F127-4BEC-A85F-768095F0D351}.Release|ARM.ActiveCfg = Release|ARM
		{9F4B0AB5-F127-4BEC-A85F-768095F0D351}.Release|ARM.Build.0 = Release|ARM
		{9F4B0AB5-F127-4BEC-A85F-768095F0D351}.Release|ARM.Deploy.0 = Release|ARM
		{9F4B0AB5-F127-4BEC-A85F-768095F0D351}.Release|iPhone.ActiveCfg = Release|x86
		{9F4B0AB5-F127-4BEC-A85F-768095F0D351}.Release|iPhone.Build.0 = Release|x86
		{9F4B0AB5-F127-4BEC-A85F-768095F0D351}.Release|iPhone.Deploy.0 = Release|x86
		{9F4B0AB5-F127-4BEC-A85F-768095F0D351}.Release|iPhoneSimulator.ActiveCfg = Release|x86
		{9F4B0AB5-F127-4BEC-A85F-768095F0D351}.Release|iPhoneSimulator.Build.0 = Release|x86
		{9F4B0AB5-F127-4BEC-A85F-768095F0D351}.Release|iPhoneSimulator.Deploy.0 = Release|x86
		{9F4B0AB5-F127-4BEC-A85F-768095F0D351}.Release|x64.ActiveCfg = Release|x64
		{9F4B0AB5-F127-4BEC-A85F-768095F0D351}.Release|x64.Build.0 = Release|x64
		{9F4B0AB5-F127-4BEC-A85F-768095F0D351}.Release|x64.Deploy.0 = Release|x64
		{9F4B0AB5-F127-4BEC-A85F-768095F0D351}.Release|x86.ActiveCfg = Release|x86
		{9F4B0AB5-F127-4BEC-A85F-768095F0D351}.Release|x86.Build.0 = Release|x86
		{9F4B0AB5-F127-4BEC-A85F-768095F0D351}.Release|x86.Deploy.0 = Release|x86
		{C4DF971B-AE2D-44BF-9925-14981ECC7F82}.Debug|Any CPU.ActiveCfg = Debug|Any CPU
		{C4DF971B-AE2D-44BF-9925-14981ECC7F82}.Debug|Any CPU.Build.0 = Debug|Any CPU
		{C4DF971B-AE2D-44BF-9925-14981ECC7F82}.Debug|Any CPU.Deploy.0 = Debug|Any CPU
		{C4DF971B-AE2D-44BF-9925-14981ECC7F82}.Debug|ARM.ActiveCfg = Debug|Any CPU
		{C4DF971B-AE2D-44BF-9925-14981ECC7F82}.Debug|ARM.Build.0 = Debug|Any CPU
		{C4DF971B-AE2D-44BF-9925-14981ECC7F82}.Debug|ARM.Deploy.0 = Debug|Any CPU
		{C4DF971B-AE2D-44BF-9925-14981ECC7F82}.Debug|iPhone.ActiveCfg = Debug|Any CPU
		{C4DF971B-AE2D-44BF-9925-14981ECC7F82}.Debug|iPhone.Build.0 = Debug|Any CPU
		{C4DF971B-AE2D-44BF-9925-14981ECC7F82}.Debug|iPhone.Deploy.0 = Debug|Any CPU
		{C4DF971B-AE2D-44BF-9925-14981ECC7F82}.Debug|iPhoneSimulator.ActiveCfg = Debug|Any CPU
		{C4DF971B-AE2D-44BF-9925-14981ECC7F82}.Debug|iPhoneSimulator.Build.0 = Debug|Any CPU
		{C4DF971B-AE2D-44BF-9925-14981ECC7F82}.Debug|iPhoneSimulator.Deploy.0 = Debug|Any CPU
		{C4DF971B-AE2D-44BF-9925-14981ECC7F82}.Debug|x64.ActiveCfg = Debug|Any CPU
		{C4DF971B-AE2D-44BF-9925-14981ECC7F82}.Debug|x64.Build.0 = Debug|Any CPU
		{C4DF971B-AE2D-44BF-9925-14981ECC7F82}.Debug|x64.Deploy.0 = Debug|Any CPU
		{C4DF971B-AE2D-44BF-9925-14981ECC7F82}.Debug|x86.ActiveCfg = Debug|Any CPU
		{C4DF971B-AE2D-44BF-9925-14981ECC7F82}.Debug|x86.Build.0 = Debug|Any CPU
		{C4DF971B-AE2D-44BF-9925-14981ECC7F82}.Debug|x86.Deploy.0 = Debug|Any CPU
		{C4DF971B-AE2D-44BF-9925-14981ECC7F82}.Release|Any CPU.ActiveCfg = Release|Any CPU
		{C4DF971B-AE2D-44BF-9925-14981ECC7F82}.Release|Any CPU.Build.0 = Release|Any CPU
		{C4DF971B-AE2D-44BF-9925-14981ECC7F82}.Release|Any CPU.Deploy.0 = Release|Any CPU
		{C4DF971B-AE2D-44BF-9925-14981ECC7F82}.Release|ARM.ActiveCfg = Release|Any CPU
		{C4DF971B-AE2D-44BF-9925-14981ECC7F82}.Release|ARM.Build.0 = Release|Any CPU
		{C4DF971B-AE2D-44BF-9925-14981ECC7F82}.Release|ARM.Deploy.0 = Release|Any CPU
		{C4DF971B-AE2D-44BF-9925-14981ECC7F82}.Release|iPhone.ActiveCfg = Release|Any CPU
		{C4DF971B-AE2D-44BF-9925-14981ECC7F82}.Release|iPhone.Build.0 = Release|Any CPU
		{C4DF971B-AE2D-44BF-9925-14981ECC7F82}.Release|iPhone.Deploy.0 = Release|Any CPU
		{C4DF971B-AE2D-44BF-9925-14981ECC7F82}.Release|iPhoneSimulator.ActiveCfg = Release|Any CPU
		{C4DF971B-AE2D-44BF-9925-14981ECC7F82}.Release|iPhoneSimulator.Build.0 = Release|Any CPU
		{C4DF971B-AE2D-44BF-9925-14981ECC7F82}.Release|iPhoneSimulator.Deploy.0 = Release|Any CPU
		{C4DF971B-AE2D-44BF-9925-14981ECC7F82}.Release|x64.ActiveCfg = Release|Any CPU
		{C4DF971B-AE2D-44BF-9925-14981ECC7F82}.Release|x64.Build.0 = Release|Any CPU
		{C4DF971B-AE2D-44BF-9925-14981ECC7F82}.Release|x64.Deploy.0 = Release|Any CPU
		{C4DF971B-AE2D-44BF-9925-14981ECC7F82}.Release|x86.ActiveCfg = Release|Any CPU
		{C4DF971B-AE2D-44BF-9925-14981ECC7F82}.Release|x86.Build.0 = Release|Any CPU
		{C4DF971B-AE2D-44BF-9925-14981ECC7F82}.Release|x86.Deploy.0 = Release|Any CPU
		{1499CECB-FEAE-42E3-AF53-CF0AD9E32176}.Debug|Any CPU.ActiveCfg = Debug|iPhone
		{1499CECB-FEAE-42E3-AF53-CF0AD9E32176}.Debug|Any CPU.Build.0 = Debug|iPhone
		{1499CECB-FEAE-42E3-AF53-CF0AD9E32176}.Debug|Any CPU.Deploy.0 = Debug|iPhone
		{1499CECB-FEAE-42E3-AF53-CF0AD9E32176}.Debug|ARM.ActiveCfg = Debug|iPhoneSimulator
		{1499CECB-FEAE-42E3-AF53-CF0AD9E32176}.Debug|ARM.Build.0 = Debug|iPhoneSimulator
		{1499CECB-FEAE-42E3-AF53-CF0AD9E32176}.Debug|ARM.Deploy.0 = Debug|iPhoneSimulator
		{1499CECB-FEAE-42E3-AF53-CF0AD9E32176}.Debug|iPhone.ActiveCfg = Debug|iPhone
		{1499CECB-FEAE-42E3-AF53-CF0AD9E32176}.Debug|iPhone.Build.0 = Debug|iPhone
		{1499CECB-FEAE-42E3-AF53-CF0AD9E32176}.Debug|iPhone.Deploy.0 = Debug|iPhone
		{1499CECB-FEAE-42E3-AF53-CF0AD9E32176}.Debug|iPhoneSimulator.ActiveCfg = Debug|iPhoneSimulator
		{1499CECB-FEAE-42E3-AF53-CF0AD9E32176}.Debug|iPhoneSimulator.Build.0 = Debug|iPhoneSimulator
		{1499CECB-FEAE-42E3-AF53-CF0AD9E32176}.Debug|iPhoneSimulator.Deploy.0 = Debug|iPhoneSimulator
		{1499CECB-FEAE-42E3-AF53-CF0AD9E32176}.Debug|x64.ActiveCfg = Debug|iPhone
		{1499CECB-FEAE-42E3-AF53-CF0AD9E32176}.Debug|x64.Build.0 = Debug|iPhone
		{1499CECB-FEAE-42E3-AF53-CF0AD9E32176}.Debug|x64.Deploy.0 = Debug|iPhone
		{1499CECB-FEAE-42E3-AF53-CF0AD9E32176}.Debug|x86.ActiveCfg = Debug|iPhone
		{1499CECB-FEAE-42E3-AF53-CF0AD9E32176}.Debug|x86.Build.0 = Debug|iPhone
		{1499CECB-FEAE-42E3-AF53-CF0AD9E32176}.Debug|x86.Deploy.0 = Debug|iPhone
		{1499CECB-FEAE-42E3-AF53-CF0AD9E32176}.Release|Any CPU.ActiveCfg = Release|iPhone
		{1499CECB-FEAE-42E3-AF53-CF0AD9E32176}.Release|Any CPU.Build.0 = Release|iPhone
		{1499CECB-FEAE-42E3-AF53-CF0AD9E32176}.Release|Any CPU.Deploy.0 = Release|iPhone
		{1499CECB-FEAE-42E3-AF53-CF0AD9E32176}.Release|ARM.ActiveCfg = Release|iPhone
		{1499CECB-FEAE-42E3-AF53-CF0AD9E32176}.Release|ARM.Build.0 = Release|iPhone
		{1499CECB-FEAE-42E3-AF53-CF0AD9E32176}.Release|ARM.Deploy.0 = Release|iPhone
		{1499CECB-FEAE-42E3-AF53-CF0AD9E32176}.Release|iPhone.ActiveCfg = Release|iPhone
		{1499CECB-FEAE-42E3-AF53-CF0AD9E32176}.Release|iPhone.Build.0 = Release|iPhone
		{1499CECB-FEAE-42E3-AF53-CF0AD9E32176}.Release|iPhone.Deploy.0 = Release|iPhone
		{1499CECB-FEAE-42E3-AF53-CF0AD9E32176}.Release|iPhoneSimulator.ActiveCfg = Release|iPhoneSimulator
		{1499CECB-FEAE-42E3-AF53-CF0AD9E32176}.Release|iPhoneSimulator.Build.0 = Release|iPhoneSimulator
		{1499CECB-FEAE-42E3-AF53-CF0AD9E32176}.Release|iPhoneSimulator.Deploy.0 = Release|iPhoneSimulator
		{1499CECB-FEAE-42E3-AF53-CF0AD9E32176}.Release|x64.ActiveCfg = Release|iPhone
		{1499CECB-FEAE-42E3-AF53-CF0AD9E32176}.Release|x64.Build.0 = Release|iPhone
		{1499CECB-FEAE-42E3-AF53-CF0AD9E32176}.Release|x64.Deploy.0 = Release|iPhone
		{1499CECB-FEAE-42E3-AF53-CF0AD9E32176}.Release|x86.ActiveCfg = Release|iPhone
		{1499CECB-FEAE-42E3-AF53-CF0AD9E32176}.Release|x86.Build.0 = Release|iPhone
		{1499CECB-FEAE-42E3-AF53-CF0AD9E32176}.Release|x86.Deploy.0 = Release|iPhone
		{0BF0122C-60C5-409B-9B37-BF2181BFD367}.Debug|Any CPU.ActiveCfg = Debug|Any CPU
		{0BF0122C-60C5-409B-9B37-BF2181BFD367}.Debug|Any CPU.Build.0 = Debug|Any CPU
		{0BF0122C-60C5-409B-9B37-BF2181BFD367}.Debug|Any CPU.Deploy.0 = Debug|Any CPU
		{0BF0122C-60C5-409B-9B37-BF2181BFD367}.Debug|ARM.ActiveCfg = Debug|Any CPU
		{0BF0122C-60C5-409B-9B37-BF2181BFD367}.Debug|ARM.Build.0 = Debug|Any CPU
		{0BF0122C-60C5-409B-9B37-BF2181BFD367}.Debug|ARM.Deploy.0 = Debug|Any CPU
		{0BF0122C-60C5-409B-9B37-BF2181BFD367}.Debug|iPhone.ActiveCfg = Debug|Any CPU
		{0BF0122C-60C5-409B-9B37-BF2181BFD367}.Debug|iPhone.Build.0 = Debug|Any CPU
		{0BF0122C-60C5-409B-9B37-BF2181BFD367}.Debug|iPhone.Deploy.0 = Debug|Any CPU
		{0BF0122C-60C5-409B-9B37-BF2181BFD367}.Debug|iPhoneSimulator.ActiveCfg = Debug|Any CPU
		{0BF0122C-60C5-409B-9B37-BF2181BFD367}.Debug|iPhoneSimulator.Build.0 = Debug|Any CPU
		{0BF0122C-60C5-409B-9B37-BF2181BFD367}.Debug|iPhoneSimulator.Deploy.0 = Debug|Any CPU
		{0BF0122C-60C5-409B-9B37-BF2181BFD367}.Debug|x64.ActiveCfg = Debug|Any CPU
		{0BF0122C-60C5-409B-9B37-BF2181BFD367}.Debug|x64.Build.0 = Debug|Any CPU
		{0BF0122C-60C5-409B-9B37-BF2181BFD367}.Debug|x64.Deploy.0 = Debug|Any CPU
		{0BF0122C-60C5-409B-9B37-BF2181BFD367}.Debug|x86.ActiveCfg = Debug|Any CPU
		{0BF0122C-60C5-409B-9B37-BF2181BFD367}.Debug|x86.Build.0 = Debug|Any CPU
		{0BF0122C-60C5-409B-9B37-BF2181BFD367}.Debug|x86.Deploy.0 = Debug|Any CPU
		{0BF0122C-60C5-409B-9B37-BF2181BFD367}.Release|Any CPU.ActiveCfg = Release|Any CPU
		{0BF0122C-60C5-409B-9B37-BF2181BFD367}.Release|Any CPU.Build.0 = Release|Any CPU
		{0BF0122C-60C5-409B-9B37-BF2181BFD367}.Release|Any CPU.Deploy.0 = Release|Any CPU
		{0BF0122C-60C5-409B-9B37-BF2181BFD367}.Release|ARM.ActiveCfg = Release|Any CPU
		{0BF0122C-60C5-409B-9B37-BF2181BFD367}.Release|ARM.Build.0 = Release|Any CPU
		{0BF0122C-60C5-409B-9B37-BF2181BFD367}.Release|ARM.Deploy.0 = Release|Any CPU
		{0BF0122C-60C5-409B-9B37-BF2181BFD367}.Release|iPhone.ActiveCfg = Release|Any CPU
		{0BF0122C-60C5-409B-9B37-BF2181BFD367}.Release|iPhone.Build.0 = Release|Any CPU
		{0BF0122C-60C5-409B-9B37-BF2181BFD367}.Release|iPhone.Deploy.0 = Release|Any CPU
		{0BF0122C-60C5-409B-9B37-BF2181BFD367}.Release|iPhoneSimulator.ActiveCfg = Release|Any CPU
		{0BF0122C-60C5-409B-9B37-BF2181BFD367}.Release|iPhoneSimulator.Build.0 = Release|Any CPU
		{0BF0122C-60C5-409B-9B37-BF2181BFD367}.Release|iPhoneSimulator.Deploy.0 = Release|Any CPU
		{0BF0122C-60C5-409B-9B37-BF2181BFD367}.Release|x64.ActiveCfg = Release|Any CPU
		{0BF0122C-60C5-409B-9B37-BF2181BFD367}.Release|x64.Build.0 = Release|Any CPU
		{0BF0122C-60C5-409B-9B37-BF2181BFD367}.Release|x64.Deploy.0 = Release|Any CPU
		{0BF0122C-60C5-409B-9B37-BF2181BFD367}.Release|x86.ActiveCfg = Release|Any CPU
		{0BF0122C-60C5-409B-9B37-BF2181BFD367}.Release|x86.Build.0 = Release|Any CPU
		{0BF0122C-60C5-409B-9B37-BF2181BFD367}.Release|x86.Deploy.0 = Release|Any CPU
	EndGlobalSection
	GlobalSection(SolutionProperties) = preSolution
		HideSolutionNode = FALSE
	EndGlobalSection
	GlobalSection(ExtensibilityGlobals) = postSolution
		SolutionGuid = {3CEE9217-006C-4D35-B2BF-C51056D770D2}
	EndGlobalSection
EndGlobal
